
Microsoft Visual Studio Solution File, Format Version 12.00
# Visual Studio Version 17
VisualStudioVersion = 17.1.32319.34
MinimumVisualStudioVersion = 10.0.40219.1
Project("{FAE04EC0-301F-11D3-BF4B-00C04F79EFBC}") = "Flights", "Flights\Flights.csproj", "{0B50A68A-3BDB-480A-97DE-DE795132CE69}"
EndProject
Global
	GlobalSection(SolutionConfigurationPlatforms) = preSolution
		Debug|Any CPU = Debug|Any CPU
		Release|Any CPU = Release|Any CPU
	EndGlobalSection
	GlobalSection(ProjectConfigurationPlatforms) = postSolution
		{0B50A68A-3BDB-480A-97DE-DE795132CE69}.Debug|Any CPU.ActiveCfg = Debug|Any CPU
		{0B50A68A-3BDB-480A-97DE-DE795132CE69}.Debug|Any CPU.Build.0 = Debug|Any CPU
		{0B50A68A-3BDB-480A-97DE-DE795132CE69}.Release|Any CPU.ActiveCfg = Release|Any CPU
		{0B50A68A-3BDB-480A-97DE-DE795132CE69}.Release|Any CPU.Build.0 = Release|Any CPU
	EndGlobalSection
	GlobalSection(SolutionProperties) = preSolution
		HideSolutionNode = FALSE
	EndGlobalSection
	GlobalSection(ExtensibilityGlobals) = postSolution
		SolutionGuid = {61E3DCE1-7A04-473E-999F-2C79A568673D}
	EndGlobalSection
EndGlobal
